<Solution>
  <Folder Name="/backend.tests/">
    <Project Path="backend.tests/EleveRats.Tests.csproj" />
  </Folder>
  <Folder Name="/backend/">
    <Project Path="backend/EleveRats.csproj" />
  </Folder>
  <Folder Name="/frontend/">
    <Project Path="frontend/EleveRats.Frontend.csproj" />
  </Folder>
</Solution>
